
Microsoft Visual Studio Solution File, Format Version 12.00
# Visual Studio Version 17
Project("{8BC9CEB8-8B4A-11D0-8D11-00A0C91BC942}") = "ALL_BUILD", "ALL_BUILD.vcxproj", "{0A8BA99B-6AEC-376E-B118-16D6CA8E7879}"
	ProjectSection(ProjectDependencies) = postProject
		{A689A335-EDA6-39BF-89E9-68E8D8B500E2} = {A689A335-EDA6-39BF-89E9-68E8D8B500E2}
		{E3DDD95C-666D-3A2E-B2E3-CED6866C65D3} = {E3DDD95C-666D-3A2E-B2E3-CED6866C65D3}
		{962CACDD-D50A-3A9F-A725-9F0E524FF7DA} = {962CACDD-D50A-3A9F-A725-9F0E524FF7DA}
		{B934DDBE-080B-37A2-99F6-9AE01121A3DF} = {B934DDBE-080B-37A2-99F6-9AE01121A3DF}
		{7BDA4C67-6FA2-3387-87ED-0B51D1AC5F5C} = {7BDA4C67-6FA2-3387-87ED-0B51D1AC5F5C}
		{7AAF9E4D-4F55-39F4-8E9C-0C723711F962} = {7AAF9E4D-4F55-39F4-8E9C-0C723711F962}
	EndProjectSection
EndProject
Project("{8BC9CEB8-8B4A-11D0-8D11-00A0C91BC942}") = "INSTALL", "INSTALL.vcxproj", "{40335E7C-8F5E-394B-98A9-110D2860F60D}"
	ProjectSection(ProjectDependencies) = postProject
		{0A8BA99B-6AEC-376E-B118-16D6CA8E7879} = {0A8BA99B-6AEC-376E-B118-16D6CA8E7879}
		{E3DDD95C-666D-3A2E-B2E3-CED6866C65D3} = {E3DDD95C-666D-3A2E-B2E3-CED6866C65D3}
	EndProjectSection
EndProject
Project("{8BC9CEB8-8B4A-11D0-8D11-00A0C91BC942}") = "LibTest", "LibTest.vcxproj", "{A689A335-EDA6-39BF-89E9-68E8D8B500E2}"
	ProjectSection(ProjectDependencies) = postProject
		{E3DDD95C-666D-3A2E-B2E3-CED6866C65D3} = {E3DDD95C-666D-3A2E-B2E3-CED6866C65D3}
		{7BDA4C67-6FA2-3387-87ED-0B51D1AC5F5C} = {7BDA4C67-6FA2-3387-87ED-0B51D1AC5F5C}
		{7AAF9E4D-4F55-39F4-8E9C-0C723711F962} = {7AAF9E4D-4F55-39F4-8E9C-0C723711F962}
	EndProjectSection
EndProject
Project("{8BC9CEB8-8B4A-11D0-8D11-00A0C91BC942}") = "ZERO_CHECK", "..\\ZERO_CHECK.vcxproj", "{E3DDD95C-666D-3A2E-B2E3-CED6866C65D3}"
	ProjectSection(ProjectDependencies) = postProject
	EndProjectSection
EndProject
Project("{8BC9CEB8-8B4A-11D0-8D11-00A0C91BC942}") = "gmock", "..\_deps\googletest-build\googlemock\gmock.vcxproj", "{962CACDD-D50A-3A9F-A725-9F0E524FF7DA}"
	ProjectSection(ProjectDependencies) = postProject
		{E3DDD95C-666D-3A2E-B2E3-CED6866C65D3} = {E3DDD95C-666D-3A2E-B2E3-CED6866C65D3}
	EndProjectSection
EndProject
Project("{8BC9CEB8-8B4A-11D0-8D11-00A0C91BC942}") = "gmock_main", "..\_deps\googletest-build\googlemock\gmock_main.vcxproj", "{B934DDBE-080B-37A2-99F6-9AE01121A3DF}"
	ProjectSection(ProjectDependencies) = postProject
		{E3DDD95C-666D-3A2E-B2E3-CED6866C65D3} = {E3DDD95C-666D-3A2E-B2E3-CED6866C65D3}
	EndProjectSection
EndProject
Project("{8BC9CEB8-8B4A-11D0-8D11-00A0C91BC942}") = "gtest", "..\_deps\googletest-build\googletest\gtest.vcxproj", "{7BDA4C67-6FA2-3387-87ED-0B51D1AC5F5C}"
	ProjectSection(ProjectDependencies) = postProject
		{E3DDD95C-666D-3A2E-B2E3-CED6866C65D3} = {E3DDD95C-666D-3A2E-B2E3-CED6866C65D3}
	EndProjectSection
EndProject
Project("{8BC9CEB8-8B4A-11D0-8D11-00A0C91BC942}") = "gtest_main", "..\_deps\googletest-build\googletest\gtest_main.vcxproj", "{7AAF9E4D-4F55-39F4-8E9C-0C723711F962}"
	ProjectSection(ProjectDependencies) = postProject
		{E3DDD95C-666D-3A2E-B2E3-CED6866C65D3} = {E3DDD95C-666D-3A2E-B2E3-CED6866C65D3}
		{7BDA4C67-6FA2-3387-87ED-0B51D1AC5F5C} = {7BDA4C67-6FA2-3387-87ED-0B51D1AC5F5C}
	EndProjectSection
EndProject
Global
	GlobalSection(SolutionConfigurationPlatforms) = preSolution
		Debug|x64 = Debug|x64
		Release|x64 = Release|x64
		MinSizeRel|x64 = MinSizeRel|x64
		RelWithDebInfo|x64 = RelWithDebInfo|x64
	EndGlobalSection
	GlobalSection(ProjectConfigurationPlatforms) = postSolution
		{0A8BA99B-6AEC-376E-B118-16D6CA8E7879}.Debug|x64.ActiveCfg = Debug|x64
		{0A8BA99B-6AEC-376E-B118-16D6CA8E7879}.Debug|x64.Build.0 = Debug|x64
		{0A8BA99B-6AEC-376E-B118-16D6CA8E7879}.Release|x64.ActiveCfg = Release|x64
		{0A8BA99B-6AEC-376E-B118-16D6CA8E7879}.Release|x64.Build.0 = Release|x64
		{0A8BA99B-6AEC-376E-B118-16D6CA8E7879}.MinSizeRel|x64.ActiveCfg = MinSizeRel|x64
		{0A8BA99B-6AEC-376E-B118-16D6CA8E7879}.MinSizeRel|x64.Build.0 = MinSizeRel|x64
		{0A8BA99B-6AEC-376E-B118-16D6CA8E7879}.RelWithDebInfo|x64.ActiveCfg = RelWithDebInfo|x64
		{0A8BA99B-6AEC-376E-B118-16D6CA8E7879}.RelWithDebInfo|x64.Build.0 = RelWithDebInfo|x64
		{40335E7C-8F5E-394B-98A9-110D2860F60D}.Debug|x64.ActiveCfg = Debug|x64
		{40335E7C-8F5E-394B-98A9-110D2860F60D}.Release|x64.ActiveCfg = Release|x64
		{40335E7C-8F5E-394B-98A9-110D2860F60D}.MinSizeRel|x64.ActiveCfg = MinSizeRel|x64
		{40335E7C-8F5E-394B-98A9-110D2860F60D}.RelWithDebInfo|x64.ActiveCfg = RelWithDebInfo|x64
		{A689A335-EDA6-39BF-89E9-68E8D8B500E2}.Debug|x64.ActiveCfg = Debug|x64
		{A689A335-EDA6-39BF-89E9-68E8D8B500E2}.Debug|x64.Build.0 = Debug|x64
		{A689A335-EDA6-39BF-89E9-68E8D8B500E2}.Release|x64.ActiveCfg = Release|x64
		{A689A335-EDA6-39BF-89E9-68E8D8B500E2}.Release|x64.Build.0 = Release|x64
		{A689A335-EDA6-39BF-89E9-68E8D8B500E2}.MinSizeRel|x64.ActiveCfg = MinSizeRel|x64
		{A689A335-EDA6-39BF-89E9-68E8D8B500E2}.MinSizeRel|x64.Build.0 = MinSizeRel|x64
		{A689A335-EDA6-39BF-89E9-68E8D8B500E2}.RelWithDebInfo|x64.ActiveCfg = RelWithDebInfo|x64
		{A689A335-EDA6-39BF-89E9-68E8D8B500E2}.RelWithDebInfo|x64.Build.0 = RelWithDebInfo|x64
		{E3DDD95C-666D-3A2E-B2E3-CED6866C65D3}.Debug|x64.ActiveCfg = Debug|x64
		{E3DDD95C-666D-3A2E-B2E3-CED6866C65D3}.Debug|x64.Build.0 = Debug|x64
		{E3DDD95C-666D-3A2E-B2E3-CED6866C65D3}.Release|x64.ActiveCfg = Release|x64
		{E3DDD95C-666D-3A2E-B2E3-CED6866C65D3}.Release|x64.Build.0 = Release|x64
		{E3DDD95C-666D-3A2E-B2E3-CED6866C65D3}.MinSizeRel|x64.ActiveCfg = MinSizeRel|x64
		{E3DDD95C-666D-3A2E-B2E3-CED6866C65D3}.MinSizeRel|x64.Build.0 = MinSizeRel|x64
		{E3DDD95C-666D-3A2E-B2E3-CED6866C65D3}.RelWithDebInfo|x64.ActiveCfg = RelWithDebInfo|x64
		{E3DDD95C-666D-3A2E-B2E3-CED6866C65D3}.RelWithDebInfo|x64.Build.0 = RelWithDebInfo|x64
		{962CACDD-D50A-3A9F-A725-9F0E524FF7DA}.Debug|x64.ActiveCfg = Debug|x64
		{962CACDD-D50A-3A9F-A725-9F0E524FF7DA}.Debug|x64.Build.0 = Debug|x64
		{962CACDD-D50A-3A9F-A725-9F0E524FF7DA}.Release|x64.ActiveCfg = Release|x64
		{962CACDD-D50A-3A9F-A725-9F0E524FF7DA}.Release|x64.Build.0 = Release|x64
		{962CACDD-D50A-3A9F-A725-9F0E524FF7DA}.MinSizeRel|x64.ActiveCfg = MinSizeRel|x64
		{962CACDD-D50A-3A9F-A725-9F0E524FF7DA}.MinSizeRel|x64.Build.0 = MinSizeRel|x64
		{962CACDD-D50A-3A9F-A725-9F0E524FF7DA}.RelWithDebInfo|x64.ActiveCfg = RelWithDebInfo|x64
		{962CACDD-D50A-3A9F-A725-9F0E524FF7DA}.RelWithDebInfo|x64.Build.0 = RelWithDebInfo|x64
		{B934DDBE-080B-37A2-99F6-9AE01121A3DF}.Debug|x64.ActiveCfg = Debug|x64
		{B934DDBE-080B-37A2-99F6-9AE01121A3DF}.Debug|x64.Build.0 = Debug|x64
		{B934DDBE-080B-37A2-99F6-9AE01121A3DF}.Release|x64.ActiveCfg = Release|x64
		{B934DDBE-080B-37A2-99F6-9AE01121A3DF}.Release|x64.Build.0 = Release|x64
		{B934DDBE-080B-37A2-99F6-9AE01121A3DF}.MinSizeRel|x64.ActiveCfg = MinSizeRel|x64
		{B934DDBE-080B-37A2-99F6-9AE01121A3DF}.MinSizeRel|x64.Build.0 = MinSizeRel|x64
		{B934DDBE-080B-37A2-99F6-9AE01121A3DF}.RelWithDebInfo|x64.ActiveCfg = RelWithDebInfo|x64
		{B934DDBE-080B-37A2-99F6-9AE01121A3DF}.RelWithDebInfo|x64.Build.0 = RelWithDebInfo|x64
		{7BDA4C67-6FA2-3387-87ED-0B51D1AC5F5C}.Debug|x64.ActiveCfg = Debug|x64
		{7BDA4C67-6FA2-3387-87ED-0B51D1AC5F5C}.Debug|x64.Build.0 = Debug|x64
		{7BDA4C67-6FA2-3387-87ED-0B51D1AC5F5C}.Release|x64.ActiveCfg = Release|x64
		{7BDA4C67-6FA2-3387-87ED-0B51D1AC5F5C}.Release|x64.Build.0 = Release|x64
		{7BDA4C67-6FA2-3387-87ED-0B51D1AC5F5C}.MinSizeRel|x64.ActiveCfg = MinSizeRel|x64
		{7BDA4C67-6FA2-3387-87ED-0B51D1AC5F5C}.MinSizeRel|x64.Build.0 = MinSizeRel|x64
		{7BDA4C67-6FA2-3387-87ED-0B51D1AC5F5C}.RelWithDebInfo|x64.ActiveCfg = RelWithDebInfo|x64
		{7BDA4C67-6FA2-3387-87ED-0B51D1AC5F5C}.RelWithDebInfo|x64.Build.0 = RelWithDebInfo|x64
		{7AAF9E4D-4F55-39F4-8E9C-0C723711F962}.Debug|x64.ActiveCfg = Debug|x64
		{7AAF9E4D-4F55-39F4-8E9C-0C723711F962}.Debug|x64.Build.0 = Debug|x64
		{7AAF9E4D-4F55-39F4-8E9C-0C723711F962}.Release|x64.ActiveCfg = Release|x64
		{7AAF9E4D-4F55-39F4-8E9C-0C723711F962}.Release|x64.Build.0 = Release|x64
		{7AAF9E4D-4F55-39F4-8E9C-0C723711F962}.MinSizeRel|x64.ActiveCfg = MinSizeRel|x64
		{7AAF9E4D-4F55-39F4-8E9C-0C723711F962}.MinSizeRel|x64.Build.0 = MinSizeRel|x64
		{7AAF9E4D-4F55-39F4-8E9C-0C723711F962}.RelWithDebInfo|x64.ActiveCfg = RelWithDebInfo|x64
		{7AAF9E4D-4F55-39F4-8E9C-0C723711F962}.RelWithDebInfo|x64.Build.0 = RelWithDebInfo|x64
	EndGlobalSection
	GlobalSection(ExtensibilityGlobals) = postSolution
		SolutionGuid = {A06263D6-6DCB-38A4-800C-D432700FACA9}
	EndGlobalSection
	GlobalSection(ExtensibilityAddIns) = postSolution
	EndGlobalSection
EndGlobal
