
Microsoft Visual Studio Solution File, Format Version 12.00
# Visual Studio Version 17
Project("{8BC9CEB8-8B4A-11D0-8D11-00A0C91BC942}") = "ALL_BUILD", "ALL_BUILD.vcxproj", "{9F6D2965-C0DA-3740-8632-ED4623418BAE}"
	ProjectSection(ProjectDependencies) = postProject
		{FD6C4C21-FEEF-3504-8A3A-3FA9FE9AE32B} = {FD6C4C21-FEEF-3504-8A3A-3FA9FE9AE32B}
		{F8D13D40-E9B9-3A9D-B28C-5586FFE0A8EB} = {F8D13D40-E9B9-3A9D-B28C-5586FFE0A8EB}
		{DC6C924E-F169-3B01-A599-C0B1C991AF9B} = {DC6C924E-F169-3B01-A599-C0B1C991AF9B}
		{2891B112-F350-3D5D-8CB8-95E5CAE31129} = {2891B112-F350-3D5D-8CB8-95E5CAE31129}
		{09A06BB5-F13C-355B-A489-32CD3C0FD4D6} = {09A06BB5-F13C-355B-A489-32CD3C0FD4D6}
		{C85B8CBE-7087-3416-A145-EBF22560B493} = {C85B8CBE-7087-3416-A145-EBF22560B493}
		{02ABF33C-4D5F-316D-8DF6-CA0F76757775} = {02ABF33C-4D5F-316D-8DF6-CA0F76757775}
		{08A05ACF-61C9-3F1A-B4AD-A29BF054A48E} = {08A05ACF-61C9-3F1A-B4AD-A29BF054A48E}
	EndProjectSection
EndProject
Project("{8BC9CEB8-8B4A-11D0-8D11-00A0C91BC942}") = "BasicCppDemo", "BasicCppDemo.vcxproj", "{FD6C4C21-FEEF-3504-8A3A-3FA9FE9AE32B}"
	ProjectSection(ProjectDependencies) = postProject
		{2891B112-F350-3D5D-8CB8-95E5CAE31129} = {2891B112-F350-3D5D-8CB8-95E5CAE31129}
	EndProjectSection
EndProject
Project("{8BC9CEB8-8B4A-11D0-8D11-00A0C91BC942}") = "BasicCppLibrary", "BasicCppLibrary.vcxproj", "{F8D13D40-E9B9-3A9D-B28C-5586FFE0A8EB}"
	ProjectSection(ProjectDependencies) = postProject
		{2891B112-F350-3D5D-8CB8-95E5CAE31129} = {2891B112-F350-3D5D-8CB8-95E5CAE31129}
	EndProjectSection
EndProject
Project("{8BC9CEB8-8B4A-11D0-8D11-00A0C91BC942}") = "INSTALL", "INSTALL.vcxproj", "{F8F09343-31CE-39DD-9096-6C8232C07BCD}"
	ProjectSection(ProjectDependencies) = postProject
		{9F6D2965-C0DA-3740-8632-ED4623418BAE} = {9F6D2965-C0DA-3740-8632-ED4623418BAE}
		{2891B112-F350-3D5D-8CB8-95E5CAE31129} = {2891B112-F350-3D5D-8CB8-95E5CAE31129}
	EndProjectSection
EndProject
Project("{8BC9CEB8-8B4A-11D0-8D11-00A0C91BC942}") = "LibTest", "LibTest.vcxproj", "{DC6C924E-F169-3B01-A599-C0B1C991AF9B}"
	ProjectSection(ProjectDependencies) = postProject
		{2891B112-F350-3D5D-8CB8-95E5CAE31129} = {2891B112-F350-3D5D-8CB8-95E5CAE31129}
		{02ABF33C-4D5F-316D-8DF6-CA0F76757775} = {02ABF33C-4D5F-316D-8DF6-CA0F76757775}
		{08A05ACF-61C9-3F1A-B4AD-A29BF054A48E} = {08A05ACF-61C9-3F1A-B4AD-A29BF054A48E}
	EndProjectSection
EndProject
Project("{8BC9CEB8-8B4A-11D0-8D11-00A0C91BC942}") = "RUN_TESTS", "RUN_TESTS.vcxproj", "{844BE164-DEAB-3D99-A2AD-B1227A636CA9}"
	ProjectSection(ProjectDependencies) = postProject
		{2891B112-F350-3D5D-8CB8-95E5CAE31129} = {2891B112-F350-3D5D-8CB8-95E5CAE31129}
	EndProjectSection
EndProject
Project("{8BC9CEB8-8B4A-11D0-8D11-00A0C91BC942}") = "ZERO_CHECK", "ZERO_CHECK.vcxproj", "{2891B112-F350-3D5D-8CB8-95E5CAE31129}"
	ProjectSection(ProjectDependencies) = postProject
	EndProjectSection
EndProject
Project("{8BC9CEB8-8B4A-11D0-8D11-00A0C91BC942}") = "gmock", "_deps\googletest-build\googlemock\gmock.vcxproj", "{09A06BB5-F13C-355B-A489-32CD3C0FD4D6}"
	ProjectSection(ProjectDependencies) = postProject
		{2891B112-F350-3D5D-8CB8-95E5CAE31129} = {2891B112-F350-3D5D-8CB8-95E5CAE31129}
	EndProjectSection
EndProject
Project("{8BC9CEB8-8B4A-11D0-8D11-00A0C91BC942}") = "gmock_main", "_deps\googletest-build\googlemock\gmock_main.vcxproj", "{C85B8CBE-7087-3416-A145-EBF22560B493}"
	ProjectSection(ProjectDependencies) = postProject
		{2891B112-F350-3D5D-8CB8-95E5CAE31129} = {2891B112-F350-3D5D-8CB8-95E5CAE31129}
	EndProjectSection
EndProject
Project("{8BC9CEB8-8B4A-11D0-8D11-00A0C91BC942}") = "gtest", "_deps\googletest-build\googletest\gtest.vcxproj", "{02ABF33C-4D5F-316D-8DF6-CA0F76757775}"
	ProjectSection(ProjectDependencies) = postProject
		{2891B112-F350-3D5D-8CB8-95E5CAE31129} = {2891B112-F350-3D5D-8CB8-95E5CAE31129}
	EndProjectSection
EndProject
Project("{8BC9CEB8-8B4A-11D0-8D11-00A0C91BC942}") = "gtest_main", "_deps\googletest-build\googletest\gtest_main.vcxproj", "{08A05ACF-61C9-3F1A-B4AD-A29BF054A48E}"
	ProjectSection(ProjectDependencies) = postProject
		{2891B112-F350-3D5D-8CB8-95E5CAE31129} = {2891B112-F350-3D5D-8CB8-95E5CAE31129}
		{02ABF33C-4D5F-316D-8DF6-CA0F76757775} = {02ABF33C-4D5F-316D-8DF6-CA0F76757775}
	EndProjectSection
EndProject
Global
	GlobalSection(SolutionConfigurationPlatforms) = preSolution
		Debug|x64 = Debug|x64
		Release|x64 = Release|x64
		MinSizeRel|x64 = MinSizeRel|x64
		RelWithDebInfo|x64 = RelWithDebInfo|x64
	EndGlobalSection
	GlobalSection(ProjectConfigurationPlatforms) = postSolution
		{9F6D2965-C0DA-3740-8632-ED4623418BAE}.Debug|x64.ActiveCfg = Debug|x64
		{9F6D2965-C0DA-3740-8632-ED4623418BAE}.Debug|x64.Build.0 = Debug|x64
		{9F6D2965-C0DA-3740-8632-ED4623418BAE}.Release|x64.ActiveCfg = Release|x64
		{9F6D2965-C0DA-3740-8632-ED4623418BAE}.Release|x64.Build.0 = Release|x64
		{9F6D2965-C0DA-3740-8632-ED4623418BAE}.MinSizeRel|x64.ActiveCfg = MinSizeRel|x64
		{9F6D2965-C0DA-3740-8632-ED4623418BAE}.MinSizeRel|x64.Build.0 = MinSizeRel|x64
		{9F6D2965-C0DA-3740-8632-ED4623418BAE}.RelWithDebInfo|x64.ActiveCfg = RelWithDebInfo|x64
		{9F6D2965-C0DA-3740-8632-ED4623418BAE}.RelWithDebInfo|x64.Build.0 = RelWithDebInfo|x64
		{FD6C4C21-FEEF-3504-8A3A-3FA9FE9AE32B}.Debug|x64.ActiveCfg = Debug|x64
		{FD6C4C21-FEEF-3504-8A3A-3FA9FE9AE32B}.Debug|x64.Build.0 = Debug|x64
		{FD6C4C21-FEEF-3504-8A3A-3FA9FE9AE32B}.Release|x64.ActiveCfg = Release|x64
		{FD6C4C21-FEEF-3504-8A3A-3FA9FE9AE32B}.Release|x64.Build.0 = Release|x64
		{FD6C4C21-FEEF-3504-8A3A-3FA9FE9AE32B}.MinSizeRel|x64.ActiveCfg = MinSizeRel|x64
		{FD6C4C21-FEEF-3504-8A3A-3FA9FE9AE32B}.MinSizeRel|x64.Build.0 = MinSizeRel|x64
		{FD6C4C21-FEEF-3504-8A3A-3FA9FE9AE32B}.RelWithDebInfo|x64.ActiveCfg = RelWithDebInfo|x64
		{FD6C4C21-FEEF-3504-8A3A-3FA9FE9AE32B}.RelWithDebInfo|x64.Build.0 = RelWithDebInfo|x64
		{F8D13D40-E9B9-3A9D-B28C-5586FFE0A8EB}.Debug|x64.ActiveCfg = Debug|x64
		{F8D13D40-E9B9-3A9D-B28C-5586FFE0A8EB}.Debug|x64.Build.0 = Debug|x64
		{F8D13D40-E9B9-3A9D-B28C-5586FFE0A8EB}.Release|x64.ActiveCfg = Release|x64
		{F8D13D40-E9B9-3A9D-B28C-5586FFE0A8EB}.Release|x64.Build.0 = Release|x64
		{F8D13D40-E9B9-3A9D-B28C-5586FFE0A8EB}.MinSizeRel|x64.ActiveCfg = MinSizeRel|x64
		{F8D13D40-E9B9-3A9D-B28C-5586FFE0A8EB}.MinSizeRel|x64.Build.0 = MinSizeRel|x64
		{F8D13D40-E9B9-3A9D-B28C-5586FFE0A8EB}.RelWithDebInfo|x64.ActiveCfg = RelWithDebInfo|x64
		{F8D13D40-E9B9-3A9D-B28C-5586FFE0A8EB}.RelWithDebInfo|x64.Build.0 = RelWithDebInfo|x64
		{F8F09343-31CE-39DD-9096-6C8232C07BCD}.Debug|x64.ActiveCfg = Debug|x64
		{F8F09343-31CE-39DD-9096-6C8232C07BCD}.Release|x64.ActiveCfg = Release|x64
		{F8F09343-31CE-39DD-9096-6C8232C07BCD}.MinSizeRel|x64.ActiveCfg = MinSizeRel|x64
		{F8F09343-31CE-39DD-9096-6C8232C07BCD}.RelWithDebInfo|x64.ActiveCfg = RelWithDebInfo|x64
		{DC6C924E-F169-3B01-A599-C0B1C991AF9B}.Debug|x64.ActiveCfg = Debug|x64
		{DC6C924E-F169-3B01-A599-C0B1C991AF9B}.Debug|x64.Build.0 = Debug|x64
		{DC6C924E-F169-3B01-A599-C0B1C991AF9B}.Release|x64.ActiveCfg = Release|x64
		{DC6C924E-F169-3B01-A599-C0B1C991AF9B}.Release|x64.Build.0 = Release|x64
		{DC6C924E-F169-3B01-A599-C0B1C991AF9B}.MinSizeRel|x64.ActiveCfg = MinSizeRel|x64
		{DC6C924E-F169-3B01-A599-C0B1C991AF9B}.MinSizeRel|x64.Build.0 = MinSizeRel|x64
		{DC6C924E-F169-3B01-A599-C0B1C991AF9B}.RelWithDebInfo|x64.ActiveCfg = RelWithDebInfo|x64
		{DC6C924E-F169-3B01-A599-C0B1C991AF9B}.RelWithDebInfo|x64.Build.0 = RelWithDebInfo|x64
		{844BE164-DEAB-3D99-A2AD-B1227A636CA9}.Debug|x64.ActiveCfg = Debug|x64
		{844BE164-DEAB-3D99-A2AD-B1227A636CA9}.Release|x64.ActiveCfg = Release|x64
		{844BE164-DEAB-3D99-A2AD-B1227A636CA9}.MinSizeRel|x64.ActiveCfg = MinSizeRel|x64
		{844BE164-DEAB-3D99-A2AD-B1227A636CA9}.RelWithDebInfo|x64.ActiveCfg = RelWithDebInfo|x64
		{2891B112-F350-3D5D-8CB8-95E5CAE31129}.Debug|x64.ActiveCfg = Debug|x64
		{2891B112-F350-3D5D-8CB8-95E5CAE31129}.Debug|x64.Build.0 = Debug|x64
		{2891B112-F350-3D5D-8CB8-95E5CAE31129}.Release|x64.ActiveCfg = Release|x64
		{2891B112-F350-3D5D-8CB8-95E5CAE31129}.Release|x64.Build.0 = Release|x64
		{2891B112-F350-3D5D-8CB8-95E5CAE31129}.MinSizeRel|x64.ActiveCfg = MinSizeRel|x64
		{2891B112-F350-3D5D-8CB8-95E5CAE31129}.MinSizeRel|x64.Build.0 = MinSizeRel|x64
		{2891B112-F350-3D5D-8CB8-95E5CAE31129}.RelWithDebInfo|x64.ActiveCfg = RelWithDebInfo|x64
		{2891B112-F350-3D5D-8CB8-95E5CAE31129}.RelWithDebInfo|x64.Build.0 = RelWithDebInfo|x64
		{09A06BB5-F13C-355B-A489-32CD3C0FD4D6}.Debug|x64.ActiveCfg = Debug|x64
		{09A06BB5-F13C-355B-A489-32CD3C0FD4D6}.Debug|x64.Build.0 = Debug|x64
		{09A06BB5-F13C-355B-A489-32CD3C0FD4D6}.Release|x64.ActiveCfg = Release|x64
		{09A06BB5-F13C-355B-A489-32CD3C0FD4D6}.Release|x64.Build.0 = Release|x64
		{09A06BB5-F13C-355B-A489-32CD3C0FD4D6}.MinSizeRel|x64.ActiveCfg = MinSizeRel|x64
		{09A06BB5-F13C-355B-A489-32CD3C0FD4D6}.MinSizeRel|x64.Build.0 = MinSizeRel|x64
		{09A06BB5-F13C-355B-A489-32CD3C0FD4D6}.RelWithDebInfo|x64.ActiveCfg = RelWithDebInfo|x64
		{09A06BB5-F13C-355B-A489-32CD3C0FD4D6}.RelWithDebInfo|x64.Build.0 = RelWithDebInfo|x64
		{C85B8CBE-7087-3416-A145-EBF22560B493}.Debug|x64.ActiveCfg = Debug|x64
		{C85B8CBE-7087-3416-A145-EBF22560B493}.Debug|x64.Build.0 = Debug|x64
		{C85B8CBE-7087-3416-A145-EBF22560B493}.Release|x64.ActiveCfg = Release|x64
		{C85B8CBE-7087-3416-A145-EBF22560B493}.Release|x64.Build.0 = Release|x64
		{C85B8CBE-7087-3416-A145-EBF22560B493}.MinSizeRel|x64.ActiveCfg = MinSizeRel|x64
		{C85B8CBE-7087-3416-A145-EBF22560B493}.MinSizeRel|x64.Build.0 = MinSizeRel|x64
		{C85B8CBE-7087-3416-A145-EBF22560B493}.RelWithDebInfo|x64.ActiveCfg = RelWithDebInfo|x64
		{C85B8CBE-7087-3416-A145-EBF22560B493}.RelWithDebInfo|x64.Build.0 = RelWithDebInfo|x64
		{02ABF33C-4D5F-316D-8DF6-CA0F76757775}.Debug|x64.ActiveCfg = Debug|x64
		{02ABF33C-4D5F-316D-8DF6-CA0F76757775}.Debug|x64.Build.0 = Debug|x64
		{02ABF33C-4D5F-316D-8DF6-CA0F76757775}.Release|x64.ActiveCfg = Release|x64
		{02ABF33C-4D5F-316D-8DF6-CA0F76757775}.Release|x64.Build.0 = Release|x64
		{02ABF33C-4D5F-316D-8DF6-CA0F76757775}.MinSizeRel|x64.ActiveCfg = MinSizeRel|x64
		{02ABF33C-4D5F-316D-8DF6-CA0F76757775}.MinSizeRel|x64.Build.0 = MinSizeRel|x64
		{02ABF33C-4D5F-316D-8DF6-CA0F76757775}.RelWithDebInfo|x64.ActiveCfg = RelWithDebInfo|x64
		{02ABF33C-4D5F-316D-8DF6-CA0F76757775}.RelWithDebInfo|x64.Build.0 = RelWithDebInfo|x64
		{08A05ACF-61C9-3F1A-B4AD-A29BF054A48E}.Debug|x64.ActiveCfg = Debug|x64
		{08A05ACF-61C9-3F1A-B4AD-A29BF054A48E}.Debug|x64.Build.0 = Debug|x64
		{08A05ACF-61C9-3F1A-B4AD-A29BF054A48E}.Release|x64.ActiveCfg = Release|x64
		{08A05ACF-61C9-3F1A-B4AD-A29BF054A48E}.Release|x64.Build.0 = Release|x64
		{08A05ACF-61C9-3F1A-B4AD-A29BF054A48E}.MinSizeRel|x64.ActiveCfg = MinSizeRel|x64
		{08A05ACF-61C9-3F1A-B4AD-A29BF054A48E}.MinSizeRel|x64.Build.0 = MinSizeRel|x64
		{08A05ACF-61C9-3F1A-B4AD-A29BF054A48E}.RelWithDebInfo|x64.ActiveCfg = RelWithDebInfo|x64
		{08A05ACF-61C9-3F1A-B4AD-A29BF054A48E}.RelWithDebInfo|x64.Build.0 = RelWithDebInfo|x64
	EndGlobalSection
	GlobalSection(ExtensibilityGlobals) = postSolution
		SolutionGuid = {EB928B95-3D12-33DA-B5AB-705330780332}
	EndGlobalSection
	GlobalSection(ExtensibilityAddIns) = postSolution
	EndGlobalSection
EndGlobal
