<?xml version="1.0" encoding="utf-8"?>
<Project ToolsVersion="17.0" xmlns="http://schemas.microsoft.com/developer/msbuild/2003">
  <ItemGroup>
    <CustomBuild Include="C:\Users\gmude\Development\BasicCppLibrary\CMakeFiles\bbc1eaccbdb3f27c85f309c2390f922b\INSTALL_force.rule">
      <Filter>CMake Rules</Filter>
    </CustomBuild>
  </ItemGroup>
  <ItemGroup>
    <Filter Include="CMake Rules">
      <UniqueIdentifier>{C3ADAC40-0556-3705-9D72-6184F25111D2}</UniqueIdentifier>
    </Filter>
  </ItemGroup>
</Project>
