<?xml version="1.0" encoding="utf-8"?>
<Project ToolsVersion="17.0" xmlns="http://schemas.microsoft.com/developer/msbuild/2003">
  <ItemGroup>
    <ClCompile Include="C:\Users\gmude\Development\BasicCppLibrary\BasicCppLibrary\test\TestAlgorithm.cpp">
      <Filter>Source Files</Filter>
    </ClCompile>
    <ClCompile Include="C:\Users\gmude\Development\BasicCppLibrary\BasicCppLibrary\test\TestChrono.cpp">
      <Filter>Source Files</Filter>
    </ClCompile>
    <ClCompile Include="C:\Users\gmude\Development\BasicCppLibrary\BasicCppLibrary\test\TestConcurrency.cpp">
      <Filter>Source Files</Filter>
    </ClCompile>
    <ClCompile Include="C:\Users\gmude\Development\BasicCppLibrary\BasicCppLibrary\test\TestEnum.cpp">
      <Filter>Source Files</Filter>
    </ClCompile>
    <ClCompile Include="C:\Users\gmude\Development\BasicCppLibrary\BasicCppLibrary\test\TestMath.cpp">
      <Filter>Source Files</Filter>
    </ClCompile>
    <ClCompile Include="C:\Users\gmude\Development\BasicCppLibrary\BasicCppLibrary\test\TestMemory.cpp">
      <Filter>Source Files</Filter>
    </ClCompile>
    <ClCompile Include="C:\Users\gmude\Development\BasicCppLibrary\BasicCppLibrary\test\TestRegex.cpp">
      <Filter>Source Files</Filter>
    </ClCompile>
  </ItemGroup>
  <ItemGroup>
    <CustomBuild Include="C:\Users\gmude\Development\BasicCppLibrary\BasicCppLibrary\CMakeLists.txt" />
  </ItemGroup>
  <ItemGroup>
    <Filter Include="Source Files">
      <UniqueIdentifier>{08CC7FC3-6AA0-3A44-86D2-6EC70579B027}</UniqueIdentifier>
    </Filter>
  </ItemGroup>
</Project>
