<?xml version="1.0" encoding="utf-8"?>
<Project ToolsVersion="17.0" xmlns="http://schemas.microsoft.com/developer/msbuild/2003">
  <ItemGroup>
    <CustomBuild Include="C:\Users\gmude\Development\BasicCppLibrary\BasicCppLibrary\CMakeFiles\bbc1eaccbdb3f27c85f309c2390f922b\RUN_TESTS_force.rule">
      <Filter>CMake Rules</Filter>
    </CustomBuild>
  </ItemGroup>
  <ItemGroup>
    <Filter Include="CMake Rules">
      <UniqueIdentifier>{3AB308C1-7BE3-3EF5-A1E5-76B39CA28B04}</UniqueIdentifier>
    </Filter>
  </ItemGroup>
</Project>
